[[package]]
name = "deoxy"
version = "0.1.1"
dependencies = [
 "gpio 0.3.0 (registry+https://github.com/rust-lang/crates.io-index)",
]

[[package]]
name = "gpio"
version = "0.3.0"
source = "registry+https://github.com/rust-lang/crates.io-index"

[metadata]
"checksum gpio 0.3.0 (registry+https://github.com/rust-lang/crates.io-index)" = "47cdca5ee9ea3f53778ae1eafac09fd4c21fcfc702a9932e4be3332afc1c3668"
